{
  "version": 4,
  "terraform_version": "1.9.1",
  "serial": 3677,
  "lineage": "cd9debe8-a636-0e61-ea0c-e2097ca27a63",
  "outputs": {},
  "resources": [
    {
      "mode": "data",
      "type": "google_client_config",
      "name": "main",
      "provider": "provider[\"registry.terraform.io/hashicorp/google\"]",
      "instances": [
        {
          "schema_version": 0,
          "attributes": {
            "access_token": "ya29.c.c0ASRK0Gafq80J_p6D2PKbdHkO1ssK8T-qK8AT7A4KyX1n8mA__Y2U8rFMFVA7ox32VJaqxVqR7fXHjCDsqxVbyv5WwB0w1W1Fe45tZTZmw--nls5fNnHhRC0qwfGKPTLSJiwcWw0QlLTuN1HpUZybIQSqMNQLox4K0FDxpyL0sHnaNQbWoTcUgYmrqa91hhle98ly2ro40kS4ZWx1gVF_s8zcaINeh4xz2FU_rZrN2algv21r_NmBKDTPWIdZY_gjKGTLkqsC3JsDphgz8GPs0c7UlE8ughlXstieoxCQIG3EOUIBJ5Q4orev2gmLyCa6G3nBzNZpaTbqBhIPMbXYQ1qMVFPNwwhmFxPJuN7B_o-CTLD0jVvCnbetgQT387DmIF8mM8bt75anjry43v97nnoj91cew6ZnYWcXQQdfcfYktiaYVJV_x0sVeQW7-Won66cday3V7Iccpn_j6qvfXs1Bs6wtirblQbZZ8QdSebzXxtl3laV6RRQBrRS251Q0k5aoocs_X5Y5OUZiJnYb31t_v09Bg3d30zVynumJZpRgldrgsfcFq8z3tqp-I57YBah-gpqmb72g8kcktt_qV2aeXZfxVeb4p_OjsaldJtMyvZRS-2yVQV6u067q441oRgQluv5_gmOzjokivnx2rQfhO1x8zF40c6giBhWQXQdU_ilOYe5alo8l6FsJ4gtq-p3-_Slr5gz5OqyviVMf8R5Xhv1aIWwQ7gffz1Fsy0vv8_8xlFf6tRk-6Y_5ZhbdB874k6u3FZzfdXW2iz9RSiX2uocrr-6tOe0ur0F91uw9wm5FpeahiSJqOJ8f2uYxRhI8oprR_XjYJMkcBlt4-q9q3l9jt9Y7o-hFpgxx5QnZUYFJ304fd1vXix9p71b0Wrp23ZURxtXF4c7R5lcZqfb3ammmZaBpojmnQ591rMfYSnfjutSzmnQegJfV8-gm5nVa0p_kQWR7yOXdJ_7-U6gOMY_Ods-07ZMBR93ix6IeVjfv5xaVOJs",
            "id": "projects/\"thesis-413009\"/regions/\"europe-west1\"/zones/\u003cnull\u003e",
            "project": "thesis-413009",
            "region": "europe-west1",
            "zone": null
          },
          "sensitive_attributes": [
            [
              {
                "type": "get_attr",
                "value": "access_token"
              }
            ]
          ]
        }
      ]
    },
    {
      "mode": "managed",
      "type": "google_container_cluster",
      "name": "primary",
      "provider": "provider[\"registry.terraform.io/hashicorp/google\"]",
      "instances": [
        {
          "schema_version": 1,
          "attributes": {
            "addons_config": [
              {
                "cloudrun_config": [],
                "config_connector_config": [],
                "dns_cache_config": [],
                "gce_persistent_disk_csi_driver_config": [
                  {
                    "enabled": true
                  }
                ],
                "gcp_filestore_csi_driver_config": [],
                "gke_backup_agent_config": [],
                "horizontal_pod_autoscaling": [
                  {
                    "disabled": true
                  }
                ],
                "http_load_balancing": [
                  {
                    "disabled": false
                  }
                ],
                "network_policy_config": [
                  {
                    "disabled": true
                  }
                ]
              }
            ],
            "authenticator_groups_config": [],
            "binary_authorization": [
              {
                "enabled": false,
                "evaluation_mode": ""
              }
            ],
            "cluster_autoscaling": [
              {
                "auto_provisioning_defaults": [],
                "enabled": false,
                "resource_limits": []
              }
            ],
            "cluster_ipv4_cidr": "10.8.0.0/14",
            "confidential_nodes": [],
            "cost_management_config": [],
            "database_encryption": [
              {
                "key_name": "",
                "state": "DECRYPTED"
              }
            ],
            "datapath_provider": "",
            "default_max_pods_per_node": 110,
            "default_snat_status": [
              {
                "disabled": false
              }
            ],
            "description": "",
            "dns_config": [],
            "enable_autopilot": false,
            "enable_binary_authorization": false,
            "enable_intranode_visibility": false,
            "enable_kubernetes_alpha": false,
            "enable_l4_ilb_subsetting": false,
            "enable_legacy_abac": false,
            "enable_shielded_nodes": true,
            "enable_tpu": false,
            "endpoint": "35.240.1.97",
            "gateway_api_config": [],
            "id": "projects/thesis-413009/locations/europe-west1-b/clusters/thesis",
            "initial_node_count": 1,
            "ip_allocation_policy": [
              {
                "cluster_ipv4_cidr_block": "10.8.0.0/14",
                "cluster_secondary_range_name": "gke-thesis-pods-f10744c0",
                "pod_cidr_overprovision_config": [
                  {
                    "disabled": false
                  }
                ],
                "services_ipv4_cidr_block": "34.118.224.0/20",
                "services_secondary_range_name": "",
                "stack_type": "IPV4"
              }
            ],
            "label_fingerprint": "a9dc16a7",
            "location": "europe-west1-b",
            "logging_config": [
              {
                "enable_components": [
                  "SYSTEM_COMPONENTS",
                  "WORKLOADS"
                ]
              }
            ],
            "logging_service": "logging.googleapis.com/kubernetes",
            "maintenance_policy": [],
            "master_auth": [
              {
                "client_certificate": "",
                "client_certificate_config": [
                  {
                    "issue_client_certificate": false
                  }
                ],
                "client_key": "",
                "cluster_ca_certificate": "LS0tLS1CRUdJTiBDRVJUSUZJQ0FURS0tLS0tCk1JSUVMVENDQXBXZ0F3SUJBZ0lSQUxrZENvRmFzU245RDFEZjNOWHZzWDh3RFFZSktvWklodmNOQVFFTEJRQXcKTHpFdE1Dc0dBMVVFQXhNa1pEVTFPR1psT1dRdE1UVm1aUzAwTVRWbUxUazJaREV0T1dFNFpERXpaVFV4TXpJdwpNQ0FYRFRJME1EY3hNVEEyTlRVek5Gb1lEekl3TlRRd056QTBNRGMxTlRNMFdqQXZNUzB3S3dZRFZRUURFeVJrCk5UVTRabVU1WkMweE5XWmxMVFF4TldZdE9UWmtNUzA1WVRoa01UTmxOVEV6TWpBd2dnR2lNQTBHQ1NxR1NJYjMKRFFFQkFRVUFBNElCandBd2dnR0tBb0lCZ1FER2RVYWtDZDRIdFpnUnFIY2o1Um1LVEZtMEtabDlzd2ZKazBYRgpvd0VIY3VDWW93SkEzQmp5amZtRjROZWNaYkpiNDFBTVEveERyekpYYm5aS3VEUi8rSyt1b1NoelRnWU9kZ3NEClZUZXM0b09GNnQzRnhwdW5zaTZrTVVLb0NZZDVOZjk4dEV6dE9MZk1XK0lqYWtaRndmUVpPNDYzUmttb0RMbzUKR2tZTE9pbTZUS29NMkk2MVl1bERjV0g3dkwvTGUrR0pYTzB5d1hZMEhhME1rWGJRVzExSm51OW5lcnBRQnJoQgpDVUZhbDNqMllKQzFsOGxmQTR5cEVna1RVV2NWOUI5SUV4N1djS2dqNEt6VVd5aUgrWm9DUzQxcG5SdnQ1M0xOCk9FTnpDYVE0MDBxaWd0REhyUVo3SUpmWmNhMmFSbjlmYVB1UDFFaGhmUWlGUGNBZDk5aW9hVFYxRjQvOEkyUFcKK0ZCM0hFSFY2Qm1PRVd1NlZlYWJSMTl2Z3ZFbVo4WEZRREdtZnFLRlQzMHphcTUxdEdtMmhDZzFsbnpHemxXbwpETU1LWlFxZzFHTFZQY2doTnNUc09lSjN6bW5RbnEycXh4UDZZaFk5dTFBVjBQTkh1VHRuWnFhRkpRZlE2VnJTCmlyMkxDZGVrNlNhN0JHUVJNaTNDYUpWYlJLTUNBd0VBQWFOQ01FQXdEZ1lEVlIwUEFRSC9CQVFEQWdJRU1BOEcKQTFVZEV3RUIvd1FGTUFNQkFmOHdIUVlEVlIwT0JCWUVGTDFhcnN2ZXJFenQ0UGJ1V3h1V0xHVFBJc2Q3TUEwRwpDU3FHU0liM0RRRUJDd1VBQTRJQmdRQ3hKTW5icmRPNkhVOGhORTU3NmlzK1BWUkN3MDNsQ3ZPUitTWXg3ZEx2Ck9OUEZWUndwV0Vja3VqZFBKUzVrYVYwMjVxYWNSRVlVQk1veE10ME9nWFplSUszdWsybzhyRlFIWTIzcEdDWkgKcHBYQTFsSVQzWkdaNHpuZ0k3dXFEMG5UY0Z5N0ZQTDhSQ29nUm5adjZBd2xmckJGSDJRc3BkeHBoTk51SnRsRQpGaHJWazJXMFA2UTlvQ1dYTjdzUXNjY2lxL1d0M296VDY3eXZWQVBDS1h2UFZMRHRpbGxtNFJ4VTRYU3FncHhXCjlRcEhyYnZPSVExb1JPczRDZTl2bkFnZU5RN3VnN0dpZGxZd3R0aFFQaVlQRVZJK0NaTGVoSDJDU0gzRi9KaG0KbnBXd0J6K3lVR0IzeTAyTEZjWDIxOHAyM0pXSjBneHpFOWVnTHdWUjJNK1BDVklhUk5pN2E0Mll2c1EzckwzYwo1OGtuVm1pRmkxOTgrK3VOeG5ZOFNNc29wNE9YcEpKWGdBR2xsVkZvR2krOVBtSXMwMTBpVUhzSjhiVHQycVB2CkgzTzFMN3czUWxvRi8wY1h3RHVzZEtaejBvV1ArWUlEN1VMRzZuZlpUZlFUQ1pwNHJySWpQY3ArU0ZjcVovOGQKc3VCM1RhMEtsMlE1YkRoWmV6UWlGNHM9Ci0tLS0tRU5EIENFUlRJRklDQVRFLS0tLS0K"
              }
            ],
            "master_authorized_networks_config": [],
            "master_version": "1.29.4-gke.1043004",
            "mesh_certificates": [],
            "min_master_version": null,
            "monitoring_config": [
              {
                "enable_components": [
                  "SYSTEM_COMPONENTS"
                ],
                "managed_prometheus": [
                  {
                    "enabled": true
                  }
                ]
              }
            ],
            "monitoring_service": "monitoring.googleapis.com/kubernetes",
            "name": "thesis",
            "network": "projects/thesis-413009/global/networks/default",
            "network_policy": [
              {
                "enabled": false,
                "provider": "PROVIDER_UNSPECIFIED"
              }
            ],
            "networking_mode": "VPC_NATIVE",
            "node_config": [],
            "node_locations": [],
            "node_pool": [],
            "node_pool_defaults": [
              {
                "node_config_defaults": [
                  {
                    "logging_variant": "DEFAULT"
                  }
                ]
              }
            ],
            "node_version": "1.29.4-gke.1043004",
            "notification_config": [
              {
                "pubsub": [
                  {
                    "enabled": false,
                    "filter": [],
                    "topic": ""
                  }
                ]
              }
            ],
            "operation": null,
            "private_cluster_config": [
              {
                "enable_private_endpoint": false,
                "enable_private_nodes": false,
                "master_global_access_config": [
                  {
                    "enabled": false
                  }
                ],
                "master_ipv4_cidr_block": "",
                "peering_name": "",
                "private_endpoint": "10.132.0.60",
                "private_endpoint_subnetwork": "",
                "public_endpoint": "35.240.1.97"
              }
            ],
            "private_ipv6_google_access": "",
            "project": "thesis-413009",
            "release_channel": [
              {
                "channel": "REGULAR"
              }
            ],
            "remove_default_node_pool": true,
            "resource_labels": null,
            "resource_usage_export_config": [],
            "security_posture_config": [
              {
                "mode": "BASIC",
                "vulnerability_mode": "VULNERABILITY_MODE_UNSPECIFIED"
              }
            ],
            "self_link": "https://container.googleapis.com/v1/projects/thesis-413009/zones/europe-west1-b/clusters/thesis",
            "service_external_ips_config": [
              {
                "enabled": false
              }
            ],
            "services_ipv4_cidr": "34.118.224.0/20",
            "subnetwork": "projects/thesis-413009/regions/europe-west1/subnetworks/default",
            "timeouts": null,
            "tpu_ipv4_cidr_block": "",
            "vertical_pod_autoscaling": [
              {
                "enabled": false
              }
            ],
            "workload_identity_config": [
              {
                "workload_pool": "thesis-413009.svc.id.goog"
              }
            ]
          },
          "sensitive_attributes": [
            [
              {
                "type": "get_attr",
                "value": "master_auth"
              },
              {
                "type": "index",
                "value": {
                  "value": 0,
                  "type": "number"
                }
              },
              {
                "type": "get_attr",
                "value": "client_key"
              }
            ]
          ],
          "private": "eyJlMmJmYjczMC1lY2FhLTExZTYtOGY4OC0zNDM2M2JjN2M0YzAiOnsiY3JlYXRlIjoyNDAwMDAwMDAwMDAwLCJkZWxldGUiOjI0MDAwMDAwMDAwMDAsInJlYWQiOjI0MDAwMDAwMDAwMDAsInVwZGF0ZSI6MzYwMDAwMDAwMDAwMH0sInNjaGVtYV92ZXJzaW9uIjoiMSJ9",
          "dependencies": [
            "module.project-services.data.google_compute_default_service_account.default",
            "module.project-services.google_project_iam_member.project_service_identity_roles",
            "module.project-services.google_project_service.project_services",
            "module.project-services.google_project_service_identity.project_service_identities"
          ]
        }
      ]
    },
    {
      "mode": "managed",
      "type": "google_container_node_pool",
      "name": "cloud",
      "provider": "provider[\"registry.terraform.io/hashicorp/google\"]",
      "instances": [
        {
          "schema_version": 1,
          "attributes": {
            "autoscaling": [],
            "cluster": "projects/thesis-413009/locations/europe-west1-b/clusters/thesis",
            "id": "projects/thesis-413009/locations/europe-west1-b/clusters/thesis/nodePools/cloud",
            "initial_node_count": 1,
            "instance_group_urls": [
              "https://www.googleapis.com/compute/v1/projects/thesis-413009/zones/europe-west1-b/instanceGroupManagers/gke-thesis-cloud-fda36296-grp"
            ],
            "location": "europe-west1-b",
            "managed_instance_group_urls": [
              "https://www.googleapis.com/compute/v1/projects/thesis-413009/zones/europe-west1-b/instanceGroups/gke-thesis-cloud-fda36296-grp"
            ],
            "management": [
              {
                "auto_repair": true,
                "auto_upgrade": true
              }
            ],
            "max_pods_per_node": 110,
            "name": "cloud",
            "name_prefix": "",
            "network_config": [
              {
                "create_pod_range": false,
                "enable_private_nodes": false,
                "pod_cidr_overprovision_config": [],
                "pod_ipv4_cidr_block": "10.8.0.0/14",
                "pod_range": "gke-thesis-pods-f10744c0"
              }
            ],
            "node_config": [
              {
                "advanced_machine_features": [],
                "boot_disk_kms_key": "",
                "disk_size_gb": 40,
                "disk_type": "pd-standard",
                "ephemeral_storage_local_ssd_config": [],
                "gcfs_config": [],
                "guest_accelerator": [],
                "gvnic": [],
                "image_type": "COS_CONTAINERD",
                "kubelet_config": [],
                "labels": {
                  "role": "general"
                },
                "linux_node_config": [],
                "local_nvme_ssd_block_config": [],
                "local_ssd_count": 0,
                "logging_variant": "DEFAULT",
                "machine_type": "e2-standard-2",
                "metadata": {
                  "disable-legacy-endpoints": "true"
                },
                "min_cpu_platform": "",
                "node_group": "",
                "oauth_scopes": [
                  "https://www.googleapis.com/auth/cloud-platform"
                ],
                "preemptible": true,
                "reservation_affinity": [],
                "resource_labels": null,
                "service_account": "thesis-service-account@thesis-413009.iam.gserviceaccount.com",
                "shielded_instance_config": [
                  {
                    "enable_integrity_monitoring": true,
                    "enable_secure_boot": false
                  }
                ],
                "sole_tenant_config": [],
                "spot": false,
                "tags": null,
                "taint": [],
                "workload_metadata_config": [
                  {
                    "mode": "GKE_METADATA"
                  }
                ]
              }
            ],
            "node_count": 1,
            "node_locations": [
              "europe-west1-b"
            ],
            "operation": null,
            "placement_policy": [],
            "project": "thesis-413009",
            "timeouts": null,
            "upgrade_settings": [
              {
                "blue_green_settings": [],
                "max_surge": 1,
                "max_unavailable": 0,
                "strategy": "SURGE"
              }
            ],
            "version": "1.29.4-gke.1043004"
          },
          "sensitive_attributes": [],
          "private": "eyJlMmJmYjczMC1lY2FhLTExZTYtOGY4OC0zNDM2M2JjN2M0YzAiOnsiY3JlYXRlIjoxODAwMDAwMDAwMDAwLCJkZWxldGUiOjE4MDAwMDAwMDAwMDAsInVwZGF0ZSI6MTgwMDAwMDAwMDAwMH0sInNjaGVtYV92ZXJzaW9uIjoiMSJ9",
          "dependencies": [
            "google_container_cluster.primary",
            "module.project-services.data.google_compute_default_service_account.default",
            "module.project-services.google_project_iam_member.project_service_identity_roles",
            "module.project-services.google_project_service.project_services",
            "module.project-services.google_project_service_identity.project_service_identities"
          ]
        }
      ]
    },
    {
      "mode": "managed",
      "type": "google_container_node_pool",
      "name": "edge1",
      "provider": "provider[\"registry.terraform.io/hashicorp/google\"]",
      "instances": [
        {
          "schema_version": 1,
          "attributes": {
            "autoscaling": [],
            "cluster": "projects/thesis-413009/locations/europe-west1-b/clusters/thesis",
            "id": "projects/thesis-413009/locations/europe-west1-b/clusters/thesis/nodePools/edge1",
            "initial_node_count": 1,
            "instance_group_urls": [
              "https://www.googleapis.com/compute/v1/projects/thesis-413009/zones/europe-west1-b/instanceGroupManagers/gke-thesis-edge1-6641c35d-grp"
            ],
            "location": "europe-west1-b",
            "managed_instance_group_urls": [
              "https://www.googleapis.com/compute/v1/projects/thesis-413009/zones/europe-west1-b/instanceGroups/gke-thesis-edge1-6641c35d-grp"
            ],
            "management": [
              {
                "auto_repair": true,
                "auto_upgrade": true
              }
            ],
            "max_pods_per_node": 110,
            "name": "edge1",
            "name_prefix": "",
            "network_config": [
              {
                "create_pod_range": false,
                "enable_private_nodes": false,
                "pod_cidr_overprovision_config": [],
                "pod_ipv4_cidr_block": "10.8.0.0/14",
                "pod_range": "gke-thesis-pods-f10744c0"
              }
            ],
            "node_config": [
              {
                "advanced_machine_features": [],
                "boot_disk_kms_key": "",
                "disk_size_gb": 40,
                "disk_type": "pd-standard",
                "ephemeral_storage_local_ssd_config": [],
                "gcfs_config": [],
                "guest_accelerator": [],
                "gvnic": [],
                "image_type": "COS_CONTAINERD",
                "kubelet_config": [],
                "labels": {
                  "role": "general"
                },
                "linux_node_config": [],
                "local_nvme_ssd_block_config": [],
                "local_ssd_count": 0,
                "logging_variant": "DEFAULT",
                "machine_type": "e2-standard-2",
                "metadata": {
                  "disable-legacy-endpoints": "true"
                },
                "min_cpu_platform": "",
                "node_group": "",
                "oauth_scopes": [
                  "https://www.googleapis.com/auth/cloud-platform"
                ],
                "preemptible": true,
                "reservation_affinity": [],
                "resource_labels": null,
                "service_account": "thesis-service-account@thesis-413009.iam.gserviceaccount.com",
                "shielded_instance_config": [
                  {
                    "enable_integrity_monitoring": true,
                    "enable_secure_boot": false
                  }
                ],
                "sole_tenant_config": [],
                "spot": false,
                "tags": null,
                "taint": [],
                "workload_metadata_config": [
                  {
                    "mode": "GKE_METADATA"
                  }
                ]
              }
            ],
            "node_count": 1,
            "node_locations": [
              "europe-west1-b"
            ],
            "operation": null,
            "placement_policy": [],
            "project": "thesis-413009",
            "timeouts": null,
            "upgrade_settings": [
              {
                "blue_green_settings": [],
                "max_surge": 1,
                "max_unavailable": 0,
                "strategy": "SURGE"
              }
            ],
            "version": "1.29.4-gke.1043004"
          },
          "sensitive_attributes": [],
          "private": "eyJlMmJmYjczMC1lY2FhLTExZTYtOGY4OC0zNDM2M2JjN2M0YzAiOnsiY3JlYXRlIjoxODAwMDAwMDAwMDAwLCJkZWxldGUiOjE4MDAwMDAwMDAwMDAsInVwZGF0ZSI6MTgwMDAwMDAwMDAwMH0sInNjaGVtYV92ZXJzaW9uIjoiMSJ9",
          "dependencies": [
            "google_container_cluster.primary",
            "module.project-services.data.google_compute_default_service_account.default",
            "module.project-services.google_project_iam_member.project_service_identity_roles",
            "module.project-services.google_project_service.project_services",
            "module.project-services.google_project_service_identity.project_service_identities"
          ]
        }
      ]
    },
    {
      "mode": "managed",
      "type": "google_container_node_pool",
      "name": "fog1",
      "provider": "provider[\"registry.terraform.io/hashicorp/google\"]",
      "instances": [
        {
          "schema_version": 1,
          "attributes": {
            "autoscaling": [],
            "cluster": "projects/thesis-413009/locations/europe-west1-b/clusters/thesis",
            "id": "projects/thesis-413009/locations/europe-west1-b/clusters/thesis/nodePools/fog1",
            "initial_node_count": 1,
            "instance_group_urls": [
              "https://www.googleapis.com/compute/v1/projects/thesis-413009/zones/europe-west1-b/instanceGroupManagers/gke-thesis-fog1-49f973b7-grp"
            ],
            "location": "europe-west1-b",
            "managed_instance_group_urls": [
              "https://www.googleapis.com/compute/v1/projects/thesis-413009/zones/europe-west1-b/instanceGroups/gke-thesis-fog1-49f973b7-grp"
            ],
            "management": [
              {
                "auto_repair": true,
                "auto_upgrade": true
              }
            ],
            "max_pods_per_node": 110,
            "name": "fog1",
            "name_prefix": "",
            "network_config": [
              {
                "create_pod_range": false,
                "enable_private_nodes": false,
                "pod_cidr_overprovision_config": [],
                "pod_ipv4_cidr_block": "10.8.0.0/14",
                "pod_range": "gke-thesis-pods-f10744c0"
              }
            ],
            "node_config": [
              {
                "advanced_machine_features": [],
                "boot_disk_kms_key": "",
                "disk_size_gb": 40,
                "disk_type": "pd-standard",
                "ephemeral_storage_local_ssd_config": [],
                "gcfs_config": [],
                "guest_accelerator": [],
                "gvnic": [],
                "image_type": "COS_CONTAINERD",
                "kubelet_config": [],
                "labels": {
                  "role": "general"
                },
                "linux_node_config": [],
                "local_nvme_ssd_block_config": [],
                "local_ssd_count": 0,
                "logging_variant": "DEFAULT",
                "machine_type": "e2-standard-2",
                "metadata": {
                  "disable-legacy-endpoints": "true"
                },
                "min_cpu_platform": "",
                "node_group": "",
                "oauth_scopes": [
                  "https://www.googleapis.com/auth/cloud-platform"
                ],
                "preemptible": true,
                "reservation_affinity": [],
                "resource_labels": null,
                "service_account": "thesis-service-account@thesis-413009.iam.gserviceaccount.com",
                "shielded_instance_config": [
                  {
                    "enable_integrity_monitoring": true,
                    "enable_secure_boot": false
                  }
                ],
                "sole_tenant_config": [],
                "spot": false,
                "tags": null,
                "taint": [],
                "workload_metadata_config": [
                  {
                    "mode": "GKE_METADATA"
                  }
                ]
              }
            ],
            "node_count": 1,
            "node_locations": [
              "europe-west1-b"
            ],
            "operation": null,
            "placement_policy": [],
            "project": "thesis-413009",
            "timeouts": null,
            "upgrade_settings": [
              {
                "blue_green_settings": [],
                "max_surge": 1,
                "max_unavailable": 0,
                "strategy": "SURGE"
              }
            ],
            "version": "1.29.4-gke.1043004"
          },
          "sensitive_attributes": [],
          "private": "eyJlMmJmYjczMC1lY2FhLTExZTYtOGY4OC0zNDM2M2JjN2M0YzAiOnsiY3JlYXRlIjoxODAwMDAwMDAwMDAwLCJkZWxldGUiOjE4MDAwMDAwMDAwMDAsInVwZGF0ZSI6MTgwMDAwMDAwMDAwMH0sInNjaGVtYV92ZXJzaW9uIjoiMSJ9",
          "dependencies": [
            "google_container_cluster.primary",
            "module.project-services.data.google_compute_default_service_account.default",
            "module.project-services.google_project_iam_member.project_service_identity_roles",
            "module.project-services.google_project_service.project_services",
            "module.project-services.google_project_service_identity.project_service_identities"
          ]
        }
      ]
    },
    {
      "mode": "managed",
      "type": "google_container_node_pool",
      "name": "fog2",
      "provider": "provider[\"registry.terraform.io/hashicorp/google\"]",
      "instances": [
        {
          "schema_version": 1,
          "attributes": {
            "autoscaling": [],
            "cluster": "projects/thesis-413009/locations/europe-west1-b/clusters/thesis",
            "id": "projects/thesis-413009/locations/europe-west1-b/clusters/thesis/nodePools/fog2",
            "initial_node_count": 1,
            "instance_group_urls": [
              "https://www.googleapis.com/compute/v1/projects/thesis-413009/zones/europe-west1-b/instanceGroupManagers/gke-thesis-fog2-5e2ccc22-grp"
            ],
            "location": "europe-west1-b",
            "managed_instance_group_urls": [
              "https://www.googleapis.com/compute/v1/projects/thesis-413009/zones/europe-west1-b/instanceGroups/gke-thesis-fog2-5e2ccc22-grp"
            ],
            "management": [
              {
                "auto_repair": true,
                "auto_upgrade": true
              }
            ],
            "max_pods_per_node": 110,
            "name": "fog2",
            "name_prefix": "",
            "network_config": [
              {
                "create_pod_range": false,
                "enable_private_nodes": false,
                "pod_cidr_overprovision_config": [],
                "pod_ipv4_cidr_block": "10.8.0.0/14",
                "pod_range": "gke-thesis-pods-f10744c0"
              }
            ],
            "node_config": [
              {
                "advanced_machine_features": [],
                "boot_disk_kms_key": "",
                "disk_size_gb": 40,
                "disk_type": "pd-standard",
                "ephemeral_storage_local_ssd_config": [],
                "gcfs_config": [],
                "guest_accelerator": [],
                "gvnic": [],
                "image_type": "COS_CONTAINERD",
                "kubelet_config": [],
                "labels": {
                  "role": "general"
                },
                "linux_node_config": [],
                "local_nvme_ssd_block_config": [],
                "local_ssd_count": 0,
                "logging_variant": "DEFAULT",
                "machine_type": "e2-standard-2",
                "metadata": {
                  "disable-legacy-endpoints": "true"
                },
                "min_cpu_platform": "",
                "node_group": "",
                "oauth_scopes": [
                  "https://www.googleapis.com/auth/cloud-platform"
                ],
                "preemptible": true,
                "reservation_affinity": [],
                "resource_labels": null,
                "service_account": "thesis-service-account@thesis-413009.iam.gserviceaccount.com",
                "shielded_instance_config": [
                  {
                    "enable_integrity_monitoring": true,
                    "enable_secure_boot": false
                  }
                ],
                "sole_tenant_config": [],
                "spot": false,
                "tags": null,
                "taint": [],
                "workload_metadata_config": [
                  {
                    "mode": "GKE_METADATA"
                  }
                ]
              }
            ],
            "node_count": 1,
            "node_locations": [
              "europe-west1-b"
            ],
            "operation": null,
            "placement_policy": [],
            "project": "thesis-413009",
            "timeouts": null,
            "upgrade_settings": [
              {
                "blue_green_settings": [],
                "max_surge": 1,
                "max_unavailable": 0,
                "strategy": "SURGE"
              }
            ],
            "version": "1.29.4-gke.1043004"
          },
          "sensitive_attributes": [],
          "private": "eyJlMmJmYjczMC1lY2FhLTExZTYtOGY4OC0zNDM2M2JjN2M0YzAiOnsiY3JlYXRlIjoxODAwMDAwMDAwMDAwLCJkZWxldGUiOjE4MDAwMDAwMDAwMDAsInVwZGF0ZSI6MTgwMDAwMDAwMDAwMH0sInNjaGVtYV92ZXJzaW9uIjoiMSJ9",
          "dependencies": [
            "google_container_cluster.primary",
            "module.project-services.data.google_compute_default_service_account.default",
            "module.project-services.google_project_iam_member.project_service_identity_roles",
            "module.project-services.google_project_service.project_services",
            "module.project-services.google_project_service_identity.project_service_identities"
          ]
        }
      ]
    },
    {
      "mode": "managed",
      "type": "null_resource",
      "name": "gcloud-connection",
      "provider": "provider[\"registry.terraform.io/hashicorp/null\"]",
      "instances": [
        {
          "schema_version": 0,
          "attributes": {
            "id": "648174743794252270",
            "triggers": null
          },
          "sensitive_attributes": [],
          "dependencies": [
            "google_container_cluster.primary",
            "module.project-services.data.google_compute_default_service_account.default",
            "module.project-services.google_project_iam_member.project_service_identity_roles",
            "module.project-services.google_project_service.project_services",
            "module.project-services.google_project_service_identity.project_service_identities"
          ]
        }
      ]
    },
    {
      "module": "module.project-services",
      "mode": "managed",
      "type": "google_project_service",
      "name": "project_services",
      "provider": "provider[\"registry.terraform.io/hashicorp/google\"]",
      "instances": [
        {
          "index_key": "anthos.googleapis.com",
          "schema_version": 0,
          "attributes": {
            "disable_dependent_services": true,
            "disable_on_destroy": false,
            "id": "thesis-413009/anthos.googleapis.com",
            "project": "thesis-413009",
            "service": "anthos.googleapis.com",
            "timeouts": null
          },
          "sensitive_attributes": [],
          "private": "eyJlMmJmYjczMC1lY2FhLTExZTYtOGY4OC0zNDM2M2JjN2M0YzAiOnsiY3JlYXRlIjoxMjAwMDAwMDAwMDAwLCJkZWxldGUiOjEyMDAwMDAwMDAwMDAsInJlYWQiOjYwMDAwMDAwMDAwMCwidXBkYXRlIjoxMjAwMDAwMDAwMDAwfX0="
        },
        {
          "index_key": "cloudresourcemanager.googleapis.com",
          "schema_version": 0,
          "attributes": {
            "disable_dependent_services": true,
            "disable_on_destroy": false,
            "id": "thesis-413009/cloudresourcemanager.googleapis.com",
            "project": "thesis-413009",
            "service": "cloudresourcemanager.googleapis.com",
            "timeouts": null
          },
          "sensitive_attributes": [],
          "private": "eyJlMmJmYjczMC1lY2FhLTExZTYtOGY4OC0zNDM2M2JjN2M0YzAiOnsiY3JlYXRlIjoxMjAwMDAwMDAwMDAwLCJkZWxldGUiOjEyMDAwMDAwMDAwMDAsInJlYWQiOjYwMDAwMDAwMDAwMCwidXBkYXRlIjoxMjAwMDAwMDAwMDAwfX0="
        },
        {
          "index_key": "cloudtrace.googleapis.com",
          "schema_version": 0,
          "attributes": {
            "disable_dependent_services": true,
            "disable_on_destroy": false,
            "id": "thesis-413009/cloudtrace.googleapis.com",
            "project": "thesis-413009",
            "service": "cloudtrace.googleapis.com",
            "timeouts": null
          },
          "sensitive_attributes": [],
          "private": "eyJlMmJmYjczMC1lY2FhLTExZTYtOGY4OC0zNDM2M2JjN2M0YzAiOnsiY3JlYXRlIjoxMjAwMDAwMDAwMDAwLCJkZWxldGUiOjEyMDAwMDAwMDAwMDAsInJlYWQiOjYwMDAwMDAwMDAwMCwidXBkYXRlIjoxMjAwMDAwMDAwMDAwfX0="
        },
        {
          "index_key": "compute.googleapis.com",
          "schema_version": 0,
          "attributes": {
            "disable_dependent_services": true,
            "disable_on_destroy": false,
            "id": "thesis-413009/compute.googleapis.com",
            "project": "thesis-413009",
            "service": "compute.googleapis.com",
            "timeouts": null
          },
          "sensitive_attributes": [],
          "private": "eyJlMmJmYjczMC1lY2FhLTExZTYtOGY4OC0zNDM2M2JjN2M0YzAiOnsiY3JlYXRlIjoxMjAwMDAwMDAwMDAwLCJkZWxldGUiOjEyMDAwMDAwMDAwMDAsInJlYWQiOjYwMDAwMDAwMDAwMCwidXBkYXRlIjoxMjAwMDAwMDAwMDAwfX0="
        },
        {
          "index_key": "container.googleapis.com",
          "schema_version": 0,
          "attributes": {
            "disable_dependent_services": true,
            "disable_on_destroy": false,
            "id": "thesis-413009/container.googleapis.com",
            "project": "thesis-413009",
            "service": "container.googleapis.com",
            "timeouts": null
          },
          "sensitive_attributes": [],
          "private": "eyJlMmJmYjczMC1lY2FhLTExZTYtOGY4OC0zNDM2M2JjN2M0YzAiOnsiY3JlYXRlIjoxMjAwMDAwMDAwMDAwLCJkZWxldGUiOjEyMDAwMDAwMDAwMDAsInJlYWQiOjYwMDAwMDAwMDAwMCwidXBkYXRlIjoxMjAwMDAwMDAwMDAwfX0="
        },
        {
          "index_key": "dns.googleapis.com",
          "schema_version": 0,
          "attributes": {
            "disable_dependent_services": true,
            "disable_on_destroy": false,
            "id": "thesis-413009/dns.googleapis.com",
            "project": "thesis-413009",
            "service": "dns.googleapis.com",
            "timeouts": null
          },
          "sensitive_attributes": [],
          "private": "eyJlMmJmYjczMC1lY2FhLTExZTYtOGY4OC0zNDM2M2JjN2M0YzAiOnsiY3JlYXRlIjoxMjAwMDAwMDAwMDAwLCJkZWxldGUiOjEyMDAwMDAwMDAwMDAsInJlYWQiOjYwMDAwMDAwMDAwMCwidXBkYXRlIjoxMjAwMDAwMDAwMDAwfX0="
        },
        {
          "index_key": "gkeconnect.googleapis.com",
          "schema_version": 0,
          "attributes": {
            "disable_dependent_services": true,
            "disable_on_destroy": false,
            "id": "thesis-413009/gkeconnect.googleapis.com",
            "project": "thesis-413009",
            "service": "gkeconnect.googleapis.com",
            "timeouts": null
          },
          "sensitive_attributes": [],
          "private": "eyJlMmJmYjczMC1lY2FhLTExZTYtOGY4OC0zNDM2M2JjN2M0YzAiOnsiY3JlYXRlIjoxMjAwMDAwMDAwMDAwLCJkZWxldGUiOjEyMDAwMDAwMDAwMDAsInJlYWQiOjYwMDAwMDAwMDAwMCwidXBkYXRlIjoxMjAwMDAwMDAwMDAwfX0="
        },
        {
          "index_key": "gkehub.googleapis.com",
          "schema_version": 0,
          "attributes": {
            "disable_dependent_services": true,
            "disable_on_destroy": false,
            "id": "thesis-413009/gkehub.googleapis.com",
            "project": "thesis-413009",
            "service": "gkehub.googleapis.com",
            "timeouts": null
          },
          "sensitive_attributes": [],
          "private": "eyJlMmJmYjczMC1lY2FhLTExZTYtOGY4OC0zNDM2M2JjN2M0YzAiOnsiY3JlYXRlIjoxMjAwMDAwMDAwMDAwLCJkZWxldGUiOjEyMDAwMDAwMDAwMDAsInJlYWQiOjYwMDAwMDAwMDAwMCwidXBkYXRlIjoxMjAwMDAwMDAwMDAwfX0="
        },
        {
          "index_key": "iam.googleapis.com",
          "schema_version": 0,
          "attributes": {
            "disable_dependent_services": true,
            "disable_on_destroy": false,
            "id": "thesis-413009/iam.googleapis.com",
            "project": "thesis-413009",
            "service": "iam.googleapis.com",
            "timeouts": null
          },
          "sensitive_attributes": [],
          "private": "eyJlMmJmYjczMC1lY2FhLTExZTYtOGY4OC0zNDM2M2JjN2M0YzAiOnsiY3JlYXRlIjoxMjAwMDAwMDAwMDAwLCJkZWxldGUiOjEyMDAwMDAwMDAwMDAsInJlYWQiOjYwMDAwMDAwMDAwMCwidXBkYXRlIjoxMjAwMDAwMDAwMDAwfX0="
        },
        {
          "index_key": "iamcredentials.googleapis.com",
          "schema_version": 0,
          "attributes": {
            "disable_dependent_services": true,
            "disable_on_destroy": false,
            "id": "thesis-413009/iamcredentials.googleapis.com",
            "project": "thesis-413009",
            "service": "iamcredentials.googleapis.com",
            "timeouts": null
          },
          "sensitive_attributes": [],
          "private": "eyJlMmJmYjczMC1lY2FhLTExZTYtOGY4OC0zNDM2M2JjN2M0YzAiOnsiY3JlYXRlIjoxMjAwMDAwMDAwMDAwLCJkZWxldGUiOjEyMDAwMDAwMDAwMDAsInJlYWQiOjYwMDAwMDAwMDAwMCwidXBkYXRlIjoxMjAwMDAwMDAwMDAwfX0="
        },
        {
          "index_key": "logging.googleapis.com",
          "schema_version": 0,
          "attributes": {
            "disable_dependent_services": true,
            "disable_on_destroy": false,
            "id": "thesis-413009/logging.googleapis.com",
            "project": "thesis-413009",
            "service": "logging.googleapis.com",
            "timeouts": null
          },
          "sensitive_attributes": [],
          "private": "eyJlMmJmYjczMC1lY2FhLTExZTYtOGY4OC0zNDM2M2JjN2M0YzAiOnsiY3JlYXRlIjoxMjAwMDAwMDAwMDAwLCJkZWxldGUiOjEyMDAwMDAwMDAwMDAsInJlYWQiOjYwMDAwMDAwMDAwMCwidXBkYXRlIjoxMjAwMDAwMDAwMDAwfX0="
        },
        {
          "index_key": "meshca.googleapis.com",
          "schema_version": 0,
          "attributes": {
            "disable_dependent_services": true,
            "disable_on_destroy": false,
            "id": "thesis-413009/meshca.googleapis.com",
            "project": "thesis-413009",
            "service": "meshca.googleapis.com",
            "timeouts": null
          },
          "sensitive_attributes": [],
          "private": "eyJlMmJmYjczMC1lY2FhLTExZTYtOGY4OC0zNDM2M2JjN2M0YzAiOnsiY3JlYXRlIjoxMjAwMDAwMDAwMDAwLCJkZWxldGUiOjEyMDAwMDAwMDAwMDAsInJlYWQiOjYwMDAwMDAwMDAwMCwidXBkYXRlIjoxMjAwMDAwMDAwMDAwfX0="
        },
        {
          "index_key": "meshconfig.googleapis.com",
          "schema_version": 0,
          "attributes": {
            "disable_dependent_services": true,
            "disable_on_destroy": false,
            "id": "thesis-413009/meshconfig.googleapis.com",
            "project": "thesis-413009",
            "service": "meshconfig.googleapis.com",
            "timeouts": null
          },
          "sensitive_attributes": [],
          "private": "eyJlMmJmYjczMC1lY2FhLTExZTYtOGY4OC0zNDM2M2JjN2M0YzAiOnsiY3JlYXRlIjoxMjAwMDAwMDAwMDAwLCJkZWxldGUiOjEyMDAwMDAwMDAwMDAsInJlYWQiOjYwMDAwMDAwMDAwMCwidXBkYXRlIjoxMjAwMDAwMDAwMDAwfX0="
        },
        {
          "index_key": "meshtelemetry.googleapis.com",
          "schema_version": 0,
          "attributes": {
            "disable_dependent_services": true,
            "disable_on_destroy": false,
            "id": "thesis-413009/meshtelemetry.googleapis.com",
            "project": "thesis-413009",
            "service": "meshtelemetry.googleapis.com",
            "timeouts": null
          },
          "sensitive_attributes": [],
          "private": "eyJlMmJmYjczMC1lY2FhLTExZTYtOGY4OC0zNDM2M2JjN2M0YzAiOnsiY3JlYXRlIjoxMjAwMDAwMDAwMDAwLCJkZWxldGUiOjEyMDAwMDAwMDAwMDAsInJlYWQiOjYwMDAwMDAwMDAwMCwidXBkYXRlIjoxMjAwMDAwMDAwMDAwfX0="
        },
        {
          "index_key": "monitoring.googleapis.com",
          "schema_version": 0,
          "attributes": {
            "disable_dependent_services": true,
            "disable_on_destroy": false,
            "id": "thesis-413009/monitoring.googleapis.com",
            "project": "thesis-413009",
            "service": "monitoring.googleapis.com",
            "timeouts": null
          },
          "sensitive_attributes": [],
          "private": "eyJlMmJmYjczMC1lY2FhLTExZTYtOGY4OC0zNDM2M2JjN2M0YzAiOnsiY3JlYXRlIjoxMjAwMDAwMDAwMDAwLCJkZWxldGUiOjEyMDAwMDAwMDAwMDAsInJlYWQiOjYwMDAwMDAwMDAwMCwidXBkYXRlIjoxMjAwMDAwMDAwMDAwfX0="
        },
        {
          "index_key": "multiclusterservicediscovery.googleapis.com",
          "schema_version": 0,
          "attributes": {
            "disable_dependent_services": true,
            "disable_on_destroy": false,
            "id": "thesis-413009/multiclusterservicediscovery.googleapis.com",
            "project": "thesis-413009",
            "service": "multiclusterservicediscovery.googleapis.com",
            "timeouts": null
          },
          "sensitive_attributes": [],
          "private": "eyJlMmJmYjczMC1lY2FhLTExZTYtOGY4OC0zNDM2M2JjN2M0YzAiOnsiY3JlYXRlIjoxMjAwMDAwMDAwMDAwLCJkZWxldGUiOjEyMDAwMDAwMDAwMDAsInJlYWQiOjYwMDAwMDAwMDAwMCwidXBkYXRlIjoxMjAwMDAwMDAwMDAwfX0="
        },
        {
          "index_key": "trafficdirector.googleapis.com",
          "schema_version": 0,
          "attributes": {
            "disable_dependent_services": true,
            "disable_on_destroy": false,
            "id": "thesis-413009/trafficdirector.googleapis.com",
            "project": "thesis-413009",
            "service": "trafficdirector.googleapis.com",
            "timeouts": null
          },
          "sensitive_attributes": [],
          "private": "eyJlMmJmYjczMC1lY2FhLTExZTYtOGY4OC0zNDM2M2JjN2M0YzAiOnsiY3JlYXRlIjoxMjAwMDAwMDAwMDAwLCJkZWxldGUiOjEyMDAwMDAwMDAwMDAsInJlYWQiOjYwMDAwMDAwMDAwMCwidXBkYXRlIjoxMjAwMDAwMDAwMDAwfX0="
        }
      ]
    }
  ],
  "check_results": null
}
